dependencies:
- name: postgresql
  repository: https://charts.bitnami.com/bitnami
  version: 12.2.7
- name: argo-cd
  repository: https://argoproj.github.io/argo-helm
  version: 4.2.2
digest: sha256:c2aa070179bd275a4df4a6b520b7a4e2578ed514230b35992c91eee6cfcd9aee
generated: "2023-08-21T10:25:19.5446901-03:00"
